// !$*UTF8*$!
{
	archiveVersion = 1;
	classes = {
	};
	objectVersion = 46;
	objects = {

/* Begin PBXBuildFile section */
		52CFF55482649C3F8FF48753 /* libPods-CLPlayerDemo.a in Frameworks */ = {isa = PBXBuildFile; fileRef = 188363D6831D09896A05B358 /* libPods-CLPlayerDemo.a */; };
		5B1FC4C81DC850820036C489 /* main.m in Sources */ = {isa = PBXBuildFile; fileRef = 5B1FC4C71DC850820036C489 /* main.m */; };
		5B1FC4CB1DC850820036C489 /* AppDelegate.m in Sources */ = {isa = PBXBuildFile; fileRef = 5B1FC4CA1DC850820036C489 /* AppDelegate.m */; };
		5B1FC4D61DC850820036C489 /* LaunchScreen.storyboard in Resources */ = {isa = PBXBuildFile; fileRef = 5B1FC4D41DC850820036C489 /* LaunchScreen.storyboard */; };
		5B1FC4FB1DC850EF0036C489 /* MediaPlayer.framework in Frameworks */ = {isa = PBXBuildFile; fileRef = 5B1FC4FA1DC850EF0036C489 /* MediaPlayer.framework */; settings = {ATTRIBUTES = (Required, ); }; };
		5B35DDE21DE07A5700CEB057 /* Model.m in Sources */ = {isa = PBXBuildFile; fileRef = 5B35DDE11DE07A5700CEB057 /* Model.m */; };
		5B35DDE41DE07F9A00CEB057 /* Date.json in Resources */ = {isa = PBXBuildFile; fileRef = 5B35DDE31DE07F9A00CEB057 /* Date.json */; };
		5B456F8F1E60164000C9599F /* UIView+CLSetRect.m in Sources */ = {isa = PBXBuildFile; fileRef = 5B456F8E1E60164000C9599F /* UIView+CLSetRect.m */; };
		5B73AAB91DCB0881007680C1 /* Assets.xcassets in Resources */ = {isa = PBXBuildFile; fileRef = 5B73AAB81DCB0881007680C1 /* Assets.xcassets */; };
		5BB4D0CD1F317CC3007A1742 /* UITabBarController+CLPlayerRotation.m in Sources */ = {isa = PBXBuildFile; fileRef = 5BB4D0CC1F317CC3007A1742 /* UITabBarController+CLPlayerRotation.m */; };
		5BB4D0D01F317CE2007A1742 /* UINavigationController+CLPlayerRotation.m in Sources */ = {isa = PBXBuildFile; fileRef = 5BB4D0CF1F317CE2007A1742 /* UINavigationController+CLPlayerRotation.m */; };
		5BB4D0D31F317CF9007A1742 /* UIViewController+CLPlayerRotation.m in Sources */ = {isa = PBXBuildFile; fileRef = 5BB4D0D21F317CF9007A1742 /* UIViewController+CLPlayerRotation.m */; };
		5BB4D0D91F31A1F1007A1742 /* CLTableViewViewController.m in Sources */ = {isa = PBXBuildFile; fileRef = 5BB4D0D81F31A1F1007A1742 /* CLTableViewViewController.m */; };
		5BB4D0DC1F31A2E3007A1742 /* CLTabBarViewController.m in Sources */ = {isa = PBXBuildFile; fileRef = 5BB4D0DB1F31A2E3007A1742 /* CLTabBarViewController.m */; };
		5BB4D0DF1F31A4B1007A1742 /* CLViewController.m in Sources */ = {isa = PBXBuildFile; fileRef = 5BB4D0DE1F31A4B1007A1742 /* CLViewController.m */; };
		5BB4D0E21F31ACCC007A1742 /* CLViewController1.m in Sources */ = {isa = PBXBuildFile; fileRef = 5BB4D0E11F31ACCC007A1742 /* CLViewController1.m */; };
		5BB4D0E51F31AEC8007A1742 /* CLViewController2.m in Sources */ = {isa = PBXBuildFile; fileRef = 5BB4D0E41F31AEC8007A1742 /* CLViewController2.m */; };
		5BB4D0E81F31AED1007A1742 /* CLViewController3.m in Sources */ = {isa = PBXBuildFile; fileRef = 5BB4D0E71F31AED1007A1742 /* CLViewController3.m */; };
		5BB4D0EB1F31B775007A1742 /* CLViewController4.m in Sources */ = {isa = PBXBuildFile; fileRef = 5BB4D0EA1F31B775007A1742 /* CLViewController4.m */; };
		5BB4D0EE1F31B7A2007A1742 /* CLViewController5.m in Sources */ = {isa = PBXBuildFile; fileRef = 5BB4D0ED1F31B7A2007A1742 /* CLViewController5.m */; };
		5BB4D0F41F331FA1007A1742 /* CLNavigationViewController.m in Sources */ = {isa = PBXBuildFile; fileRef = 5BB4D0F31F331FA1007A1742 /* CLNavigationViewController.m */; };
		5BDB581C1DDE968700523A8C /* TableViewCell.m in Sources */ = {isa = PBXBuildFile; fileRef = 5BDB581B1DDE968700523A8C /* TableViewCell.m */; };
		5BDEA7151E63F4BB00953D5D /* CLPlayer.bundle in Resources */ = {isa = PBXBuildFile; fileRef = 5BDEA70D1E63F4BB00953D5D /* CLPlayer.bundle */; };
		5BDEA7161E63F4BB00953D5D /* CLPlayerMaskView.m in Sources */ = {isa = PBXBuildFile; fileRef = 5BDEA7101E63F4BB00953D5D /* CLPlayerMaskView.m */; };
		5BDEA7171E63F4BB00953D5D /* CLPlayerView.m in Sources */ = {isa = PBXBuildFile; fileRef = 5BDEA7121E63F4BB00953D5D /* CLPlayerView.m */; };
		5BDEA7181E63F4BB00953D5D /* CLSlider.m in Sources */ = {isa = PBXBuildFile; fileRef = 5BDEA7141E63F4BB00953D5D /* CLSlider.m */; };
/* End PBXBuildFile section */

/* Begin PBXFileReference section */
		133621D737F2050001C8A017 /* Pods-CLPlayerDemo.debug.xcconfig */ = {isa = PBXFileReference; includeInIndex = 1; lastKnownFileType = text.xcconfig; name = "Pods-CLPlayerDemo.debug.xcconfig"; path = "Pods/Target Support Files/Pods-CLPlayerDemo/Pods-CLPlayerDemo.debug.xcconfig"; sourceTree = "<group>"; };
		188363D6831D09896A05B358 /* libPods-CLPlayerDemo.a */ = {isa = PBXFileReference; explicitFileType = archive.ar; includeInIndex = 0; path = "libPods-CLPlayerDemo.a"; sourceTree = BUILT_PRODUCTS_DIR; };
		5B1FC4C31DC850820036C489 /* CLPlayerDemo.app */ = {isa = PBXFileReference; explicitFileType = wrapper.application; includeInIndex = 0; path = CLPlayerDemo.app; sourceTree = BUILT_PRODUCTS_DIR; };
		5B1FC4C71DC850820036C489 /* main.m */ = {isa = PBXFileReference; lastKnownFileType = sourcecode.c.objc; path = main.m; sourceTree = "<group>"; };
		5B1FC4C91DC850820036C489 /* AppDelegate.h */ = {isa = PBXFileReference; lastKnownFileType = sourcecode.c.h; path = AppDelegate.h; sourceTree = "<group>"; };
		5B1FC4CA1DC850820036C489 /* AppDelegate.m */ = {isa = PBXFileReference; lastKnownFileType = sourcecode.c.objc; path = AppDelegate.m; sourceTree = "<group>"; };
		5B1FC4D51DC850820036C489 /* Base */ = {isa = PBXFileReference; lastKnownFileType = file.storyboard; name = Base; path = Base.lproj/LaunchScreen.storyboard; sourceTree = "<group>"; };
		5B1FC4D71DC850820036C489 /* Info.plist */ = {isa = PBXFileReference; lastKnownFileType = text.plist.xml; path = Info.plist; sourceTree = "<group>"; };
		5B1FC4FA1DC850EF0036C489 /* MediaPlayer.framework */ = {isa = PBXFileReference; lastKnownFileType = wrapper.framework; name = MediaPlayer.framework; path = System/Library/Frameworks/MediaPlayer.framework; sourceTree = SDKROOT; };
		5B35DDE01DE07A5700CEB057 /* Model.h */ = {isa = PBXFileReference; fileEncoding = 4; lastKnownFileType = sourcecode.c.h; path = Model.h; sourceTree = "<group>"; };
		5B35DDE11DE07A5700CEB057 /* Model.m */ = {isa = PBXFileReference; fileEncoding = 4; lastKnownFileType = sourcecode.c.objc; path = Model.m; sourceTree = "<group>"; };
		5B35DDE31DE07F9A00CEB057 /* Date.json */ = {isa = PBXFileReference; fileEncoding = 4; lastKnownFileType = text.json; path = Date.json; sourceTree = "<group>"; };
		5B456F8D1E60164000C9599F /* UIView+CLSetRect.h */ = {isa = PBXFileReference; fileEncoding = 4; lastKnownFileType = sourcecode.c.h; path = "UIView+CLSetRect.h"; sourceTree = "<group>"; };
		5B456F8E1E60164000C9599F /* UIView+CLSetRect.m */ = {isa = PBXFileReference; fileEncoding = 4; lastKnownFileType = sourcecode.c.objc; path = "UIView+CLSetRect.m"; sourceTree = "<group>"; };
		5B73AAB81DCB0881007680C1 /* Assets.xcassets */ = {isa = PBXFileReference; lastKnownFileType = folder.assetcatalog; path = Assets.xcassets; sourceTree = "<group>"; };
		5BB4D0CB1F317CC3007A1742 /* UITabBarController+CLPlayerRotation.h */ = {isa = PBXFileReference; fileEncoding = 4; lastKnownFileType = sourcecode.c.h; path = "UITabBarController+CLPlayerRotation.h"; sourceTree = "<group>"; };
		5BB4D0CC1F317CC3007A1742 /* UITabBarController+CLPlayerRotation.m */ = {isa = PBXFileReference; fileEncoding = 4; lastKnownFileType = sourcecode.c.objc; path = "UITabBarController+CLPlayerRotation.m"; sourceTree = "<group>"; };
		5BB4D0CE1F317CE2007A1742 /* UINavigationController+CLPlayerRotation.h */ = {isa = PBXFileReference; fileEncoding = 4; lastKnownFileType = sourcecode.c.h; path = "UINavigationController+CLPlayerRotation.h"; sourceTree = "<group>"; };
		5BB4D0CF1F317CE2007A1742 /* UINavigationController+CLPlayerRotation.m */ = {isa = PBXFileReference; fileEncoding = 4; lastKnownFileType = sourcecode.c.objc; path = "UINavigationController+CLPlayerRotation.m"; sourceTree = "<group>"; };
		5BB4D0D11F317CF9007A1742 /* UIViewController+CLPlayerRotation.h */ = {isa = PBXFileReference; fileEncoding = 4; lastKnownFileType = sourcecode.c.h; path = "UIViewController+CLPlayerRotation.h"; sourceTree = "<group>"; };
		5BB4D0D21F317CF9007A1742 /* UIViewController+CLPlayerRotation.m */ = {isa = PBXFileReference; fileEncoding = 4; lastKnownFileType = sourcecode.c.objc; path = "UIViewController+CLPlayerRotation.m"; sourceTree = "<group>"; };
		5BB4D0D71F31A1F1007A1742 /* CLTableViewViewController.h */ = {isa = PBXFileReference; fileEncoding = 4; lastKnownFileType = sourcecode.c.h; path = CLTableViewViewController.h; sourceTree = "<group>"; };
		5BB4D0D81F31A1F1007A1742 /* CLTableViewViewController.m */ = {isa = PBXFileReference; fileEncoding = 4; lastKnownFileType = sourcecode.c.objc; path = CLTableViewViewController.m; sourceTree = "<group>"; };
		5BB4D0DA1F31A2E3007A1742 /* CLTabBarViewController.h */ = {isa = PBXFileReference; fileEncoding = 4; lastKnownFileType = sourcecode.c.h; path = CLTabBarViewController.h; sourceTree = "<group>"; };
		5BB4D0DB1F31A2E3007A1742 /* CLTabBarViewController.m */ = {isa = PBXFileReference; fileEncoding = 4; lastKnownFileType = sourcecode.c.objc; path = CLTabBarViewController.m; sourceTree = "<group>"; };
		5BB4D0DD1F31A4B1007A1742 /* CLViewController.h */ = {isa = PBXFileReference; fileEncoding = 4; lastKnownFileType = sourcecode.c.h; path = CLViewController.h; sourceTree = "<group>"; };
		5BB4D0DE1F31A4B1007A1742 /* CLViewController.m */ = {isa = PBXFileReference; fileEncoding = 4; lastKnownFileType = sourcecode.c.objc; path = CLViewController.m; sourceTree = "<group>"; };
		5BB4D0E01F31ACCC007A1742 /* CLViewController1.h */ = {isa = PBXFileReference; fileEncoding = 4; lastKnownFileType = sourcecode.c.h; path = CLViewController1.h; sourceTree = "<group>"; };
		5BB4D0E11F31ACCC007A1742 /* CLViewController1.m */ = {isa = PBXFileReference; fileEncoding = 4; lastKnownFileType = sourcecode.c.objc; path = CLViewController1.m; sourceTree = "<group>"; };
		5BB4D0E31F31AEC8007A1742 /* CLViewController2.h */ = {isa = PBXFileReference; fileEncoding = 4; lastKnownFileType = sourcecode.c.h; path = CLViewController2.h; sourceTree = "<group>"; };
		5BB4D0E41F31AEC8007A1742 /* CLViewController2.m */ = {isa = PBXFileReference; fileEncoding = 4; lastKnownFileType = sourcecode.c.objc; path = CLViewController2.m; sourceTree = "<group>"; };
		5BB4D0E61F31AED1007A1742 /* CLViewController3.h */ = {isa = PBXFileReference; fileEncoding = 4; lastKnownFileType = sourcecode.c.h; path = CLViewController3.h; sourceTree = "<group>"; };
		5BB4D0E71F31AED1007A1742 /* CLViewController3.m */ = {isa = PBXFileReference; fileEncoding = 4; lastKnownFileType = sourcecode.c.objc; path = CLViewController3.m; sourceTree = "<group>"; };
		5BB4D0E91F31B775007A1742 /* CLViewController4.h */ = {isa = PBXFileReference; fileEncoding = 4; lastKnownFileType = sourcecode.c.h; path = CLViewController4.h; sourceTree = "<group>"; };
		5BB4D0EA1F31B775007A1742 /* CLViewController4.m */ = {isa = PBXFileReference; fileEncoding = 4; lastKnownFileType = sourcecode.c.objc; path = CLViewController4.m; sourceTree = "<group>"; };
		5BB4D0EC1F31B7A2007A1742 /* CLViewController5.h */ = {isa = PBXFileReference; fileEncoding = 4; lastKnownFileType = sourcecode.c.h; path = CLViewController5.h; sourceTree = "<group>"; };
		5BB4D0ED1F31B7A2007A1742 /* CLViewController5.m */ = {isa = PBXFileReference; fileEncoding = 4; lastKnownFileType = sourcecode.c.objc; path = CLViewController5.m; sourceTree = "<group>"; };
		5BB4D0F21F331FA1007A1742 /* CLNavigationViewController.h */ = {isa = PBXFileReference; fileEncoding = 4; lastKnownFileType = sourcecode.c.h; path = CLNavigationViewController.h; sourceTree = "<group>"; };
		5BB4D0F31F331FA1007A1742 /* CLNavigationViewController.m */ = {isa = PBXFileReference; fileEncoding = 4; lastKnownFileType = sourcecode.c.objc; path = CLNavigationViewController.m; sourceTree = "<group>"; };
		5BDB581A1DDE968700523A8C /* TableViewCell.h */ = {isa = PBXFileReference; fileEncoding = 4; lastKnownFileType = sourcecode.c.h; path = TableViewCell.h; sourceTree = "<group>"; };
		5BDB581B1DDE968700523A8C /* TableViewCell.m */ = {isa = PBXFileReference; fileEncoding = 4; lastKnownFileType = sourcecode.c.objc; path = TableViewCell.m; sourceTree = "<group>"; };
		5BDEA70D1E63F4BB00953D5D /* CLPlayer.bundle */ = {isa = PBXFileReference; lastKnownFileType = "wrapper.plug-in"; path = CLPlayer.bundle; sourceTree = "<group>"; };
		5BDEA70F1E63F4BB00953D5D /* CLPlayerMaskView.h */ = {isa = PBXFileReference; fileEncoding = 4; lastKnownFileType = sourcecode.c.h; path = CLPlayerMaskView.h; sourceTree = "<group>"; };
		5BDEA7101E63F4BB00953D5D /* CLPlayerMaskView.m */ = {isa = PBXFileReference; fileEncoding = 4; lastKnownFileType = sourcecode.c.objc; path = CLPlayerMaskView.m; sourceTree = "<group>"; };
		5BDEA7111E63F4BB00953D5D /* CLPlayerView.h */ = {isa = PBXFileReference; fileEncoding = 4; lastKnownFileType = sourcecode.c.h; path = CLPlayerView.h; sourceTree = "<group>"; };
		5BDEA7121E63F4BB00953D5D /* CLPlayerView.m */ = {isa = PBXFileReference; fileEncoding = 4; lastKnownFileType = sourcecode.c.objc; path = CLPlayerView.m; sourceTree = "<group>"; };
		5BDEA7131E63F4BB00953D5D /* CLSlider.h */ = {isa = PBXFileReference; fileEncoding = 4; lastKnownFileType = sourcecode.c.h; path = CLSlider.h; sourceTree = "<group>"; };
		5BDEA7141E63F4BB00953D5D /* CLSlider.m */ = {isa = PBXFileReference; fileEncoding = 4; lastKnownFileType = sourcecode.c.objc; path = CLSlider.m; sourceTree = "<group>"; };
		BA727F0172B5759313BFAF15 /* Pods-CLPlayerDemo.release.xcconfig */ = {isa = PBXFileReference; includeInIndex = 1; lastKnownFileType = text.xcconfig; name = "Pods-CLPlayerDemo.release.xcconfig"; path = "Pods/Target Support Files/Pods-CLPlayerDemo/Pods-CLPlayerDemo.release.xcconfig"; sourceTree = "<group>"; };
/* End PBXFileReference section */

/* Begin PBXFrameworksBuildPhase section */
		5B1FC4C01DC850820036C489 /* Frameworks */ = {
			isa = PBXFrameworksBuildPhase;
			buildActionMask = 2147483647;
			files = (
				5B1FC4FB1DC850EF0036C489 /* MediaPlayer.framework in Frameworks */,
				52CFF55482649C3F8FF48753 /* libPods-CLPlayerDemo.a in Frameworks */,
			);
			runOnlyForDeploymentPostprocessing = 0;
		};
/* End PBXFrameworksBuildPhase section */

/* Begin PBXGroup section */
		566F287DDC205C0516130162 /* Pods */ = {
			isa = PBXGroup;
			children = (
				133621D737F2050001C8A017 /* Pods-CLPlayerDemo.debug.xcconfig */,
				BA727F0172B5759313BFAF15 /* Pods-CLPlayerDemo.release.xcconfig */,
			);
			name = Pods;
			sourceTree = "<group>";
		};
		5B1FC4BA1DC850820036C489 = {
			isa = PBXGroup;
			children = (
				5B1FC4C51DC850820036C489 /* CLPlayerDemo */,
				5B1FC4C41DC850820036C489 /* Products */,
				5B1FC4F91DC850EF0036C489 /* Frameworks */,
				566F287DDC205C0516130162 /* Pods */,
			);
			sourceTree = "<group>";
		};
		5B1FC4C41DC850820036C489 /* Products */ = {
			isa = PBXGroup;
			children = (
				5B1FC4C31DC850820036C489 /* CLPlayerDemo.app */,
			);
			name = Products;
			sourceTree = "<group>";
		};
		5B1FC4C51DC850820036C489 /* CLPlayerDemo */ = {
			isa = PBXGroup;
			children = (
				5B456F8D1E60164000C9599F /* UIView+CLSetRect.h */,
				5B456F8E1E60164000C9599F /* UIView+CLSetRect.m */,
				5B1FC4C91DC850820036C489 /* AppDelegate.h */,
				5B1FC4CA1DC850820036C489 /* AppDelegate.m */,
				5BB4D0DA1F31A2E3007A1742 /* CLTabBarViewController.h */,
				5BB4D0DB1F31A2E3007A1742 /* CLTabBarViewController.m */,
				5BB4D0F21F331FA1007A1742 /* CLNavigationViewController.h */,
				5BB4D0F31F331FA1007A1742 /* CLNavigationViewController.m */,
				5BB4D0D71F31A1F1007A1742 /* CLTableViewViewController.h */,
				5BB4D0D81F31A1F1007A1742 /* CLTableViewViewController.m */,
				5BB4D0DD1F31A4B1007A1742 /* CLViewController.h */,
				5BB4D0DE1F31A4B1007A1742 /* CLViewController.m */,
				5BB4D0E01F31ACCC007A1742 /* CLViewController1.h */,
				5BB4D0E11F31ACCC007A1742 /* CLViewController1.m */,
				5BB4D0E31F31AEC8007A1742 /* CLViewController2.h */,
				5BB4D0E41F31AEC8007A1742 /* CLViewController2.m */,
				5BB4D0E61F31AED1007A1742 /* CLViewController3.h */,
				5BB4D0E71F31AED1007A1742 /* CLViewController3.m */,
				5BB4D0E91F31B775007A1742 /* CLViewController4.h */,
				5BB4D0EA1F31B775007A1742 /* CLViewController4.m */,
				5BB4D0EC1F31B7A2007A1742 /* CLViewController5.h */,
				5BB4D0ED1F31B7A2007A1742 /* CLViewController5.m */,
				5B35DDE01DE07A5700CEB057 /* Model.h */,
				5B35DDE11DE07A5700CEB057 /* Model.m */,
				5BDB581A1DDE968700523A8C /* TableViewCell.h */,
				5BDB581B1DDE968700523A8C /* TableViewCell.m */,
				5BDEA70C1E63F4BB00953D5D /* CLPlayer */,
				5B1FC4C61DC850820036C489 /* Supporting Files */,
			);
			path = CLPlayerDemo;
			sourceTree = "<group>";
		};
		5B1FC4C61DC850820036C489 /* Supporting Files */ = {
			isa = PBXGroup;
			children = (
				5B35DDE31DE07F9A00CEB057 /* Date.json */,
				5B73AAB81DCB0881007680C1 /* Assets.xcassets */,
				5B1FC4D41DC850820036C489 /* LaunchScreen.storyboard */,
				5B1FC4D71DC850820036C489 /* Info.plist */,
				5B1FC4C71DC850820036C489 /* main.m */,
			);
			name = "Supporting Files";
			sourceTree = "<group>";
		};
		5B1FC4F91DC850EF0036C489 /* Frameworks */ = {
			isa = PBXGroup;
			children = (
				5B1FC4FA1DC850EF0036C489 /* MediaPlayer.framework */,
				188363D6831D09896A05B358 /* libPods-CLPlayerDemo.a */,
			);
			name = Frameworks;
			sourceTree = "<group>";
		};
		5BDEA70C1E63F4BB00953D5D /* CLPlayer */ = {
			isa = PBXGroup;
			children = (
				5BDEA70D1E63F4BB00953D5D /* CLPlayer.bundle */,
				5BDEA7111E63F4BB00953D5D /* CLPlayerView.h */,
				5BDEA7121E63F4BB00953D5D /* CLPlayerView.m */,
				5BDEA70F1E63F4BB00953D5D /* CLPlayerMaskView.h */,
				5BDEA7101E63F4BB00953D5D /* CLPlayerMaskView.m */,
				5BDEA7131E63F4BB00953D5D /* CLSlider.h */,
				5BDEA7141E63F4BB00953D5D /* CLSlider.m */,
				5BB4D0CB1F317CC3007A1742 /* UITabBarController+CLPlayerRotation.h */,
				5BB4D0CC1F317CC3007A1742 /* UITabBarController+CLPlayerRotation.m */,
				5BB4D0CE1F317CE2007A1742 /* UINavigationController+CLPlayerRotation.h */,
				5BB4D0CF1F317CE2007A1742 /* UINavigationController+CLPlayerRotation.m */,
				5BB4D0D11F317CF9007A1742 /* UIViewController+CLPlayerRotation.h */,
				5BB4D0D21F317CF9007A1742 /* UIViewController+CLPlayerRotation.m */,
			);
			path = CLPlayer;
			sourceTree = SOURCE_ROOT;
		};
/* End PBXGroup section */

/* Begin PBXNativeTarget section */
		5B1FC4C21DC850820036C489 /* CLPlayerDemo */ = {
			isa = PBXNativeTarget;
			buildConfigurationList = 5B1FC4F01DC850830036C489 /* Build configuration list for PBXNativeTarget "CLPlayerDemo" */;
			buildPhases = (
				BF74B56DB434491DF9FB4379 /* [CP] Check Pods Manifest.lock */,
				5B1FC4BF1DC850820036C489 /* Sources */,
				5B1FC4C01DC850820036C489 /* Frameworks */,
				5B1FC4C11DC850820036C489 /* Resources */,
				1EB1842FE2B3D249FB4A0592 /* [CP] Embed Pods Frameworks */,
				7EA429C9BF9689EFB54AB4CA /* [CP] Copy Pods Resources */,
			);
			buildRules = (
			);
			dependencies = (
			);
			name = CLPlayerDemo;
			productName = CLPlayerDemo;
			productReference = 5B1FC4C31DC850820036C489 /* CLPlayerDemo.app */;
			productType = "com.apple.product-type.application";
		};
/* End PBXNativeTarget section */

/* Begin PBXProject section */
		5B1FC4BB1DC850820036C489 /* Project object */ = {
			isa = PBXProject;
			attributes = {
				LastUpgradeCheck = 0810;
				ORGANIZATIONNAME = JmoVxia;
				TargetAttributes = {
					5B1FC4C21DC850820036C489 = {
						CreatedOnToolsVersion = 8.0;
						DevelopmentTeam = Y56852HD87;
						ProvisioningStyle = Automatic;
					};
				};
			};
			buildConfigurationList = 5B1FC4BE1DC850820036C489 /* Build configuration list for PBXProject "CLPlayerDemo" */;
			compatibilityVersion = "Xcode 3.2";
			developmentRegion = English;
			hasScannedForEncodings = 0;
			knownRegions = (
				en,
				Base,
			);
			mainGroup = 5B1FC4BA1DC850820036C489;
			productRefGroup = 5B1FC4C41DC850820036C489 /* Products */;
			projectDirPath = "";
			projectRoot = "";
			targets = (
				5B1FC4C21DC850820036C489 /* CLPlayerDemo */,
			);
		};
/* End PBXProject section */

/* Begin PBXResourcesBuildPhase section */
		5B1FC4C11DC850820036C489 /* Resources */ = {
			isa = PBXResourcesBuildPhase;
			buildActionMask = 2147483647;
			files = (
				5B35DDE41DE07F9A00CEB057 /* Date.json in Resources */,
				5B1FC4D61DC850820036C489 /* LaunchScreen.storyboard in Resources */,
				5B73AAB91DCB0881007680C1 /* Assets.xcassets in Resources */,
				5BDEA7151E63F4BB00953D5D /* CLPlayer.bundle in Resources */,
			);
			runOnlyForDeploymentPostprocessing = 0;
		};
/* End PBXResourcesBuildPhase section */

/* Begin PBXShellScriptBuildPhase section */
		1EB1842FE2B3D249FB4A0592 /* [CP] Embed Pods Frameworks */ = {
			isa = PBXShellScriptBuildPhase;
			buildActionMask = 2147483647;
			files = (
			);
			inputPaths = (
			);
			name = "[CP] Embed Pods Frameworks";
			outputPaths = (
			);
			runOnlyForDeploymentPostprocessing = 0;
			shellPath = /bin/sh;
			shellScript = "\"${SRCROOT}/Pods/Target Support Files/Pods-CLPlayerDemo/Pods-CLPlayerDemo-frameworks.sh\"\n";
			showEnvVarsInLog = 0;
		};
		7EA429C9BF9689EFB54AB4CA /* [CP] Copy Pods Resources */ = {
			isa = PBXShellScriptBuildPhase;
			buildActionMask = 2147483647;
			files = (
			);
			inputPaths = (
			);
			name = "[CP] Copy Pods Resources";
			outputPaths = (
			);
			runOnlyForDeploymentPostprocessing = 0;
			shellPath = /bin/sh;
			shellScript = "\"${SRCROOT}/Pods/Target Support Files/Pods-CLPlayerDemo/Pods-CLPlayerDemo-resources.sh\"\n";
			showEnvVarsInLog = 0;
		};
		BF74B56DB434491DF9FB4379 /* [CP] Check Pods Manifest.lock */ = {
			isa = PBXShellScriptBuildPhase;
			buildActionMask = 2147483647;
			files = (
			);
			inputPaths = (
				"${PODS_PODFILE_DIR_PATH}/Podfile.lock",
				"${PODS_ROOT}/Manifest.lock",
			);
			name = "[CP] Check Pods Manifest.lock";
			outputPaths = (
				"$(DERIVED_FILE_DIR)/Pods-CLPlayerDemo-checkManifestLockResult.txt",
			);
			runOnlyForDeploymentPostprocessing = 0;
			shellPath = /bin/sh;
			shellScript = "diff \"${PODS_PODFILE_DIR_PATH}/Podfile.lock\" \"${PODS_ROOT}/Manifest.lock\" > /dev/null\nif [ $? != 0 ] ; then\n    # print error to STDERR\n    echo \"error: The sandbox is not in sync with the Podfile.lock. Run 'pod install' or update your CocoaPods installation.\" >&2\n    exit 1\nfi\n# This output is used by Xcode 'outputs' to avoid re-running this script phase.\necho \"SUCCESS\" > \"${SCRIPT_OUTPUT_FILE_0}\"\n";
			showEnvVarsInLog = 0;
		};
/* End PBXShellScriptBuildPhase section */

/* Begin PBXSourcesBuildPhase section */
		5B1FC4BF1DC850820036C489 /* Sources */ = {
			isa = PBXSourcesBuildPhase;
			buildActionMask = 2147483647;
			files = (
				5BDEA7171E63F4BB00953D5D /* CLPlayerView.m in Sources */,
				5BB4D0D01F317CE2007A1742 /* UINavigationController+CLPlayerRotation.m in Sources */,
				5BB4D0D31F317CF9007A1742 /* UIViewController+CLPlayerRotation.m in Sources */,
				5BB4D0DF1F31A4B1007A1742 /* CLViewController.m in Sources */,
				5B1FC4CB1DC850820036C489 /* AppDelegate.m in Sources */,
				5BDB581C1DDE968700523A8C /* TableViewCell.m in Sources */,
				5B1FC4C81DC850820036C489 /* main.m in Sources */,
				5BB4D0E81F31AED1007A1742 /* CLViewController3.m in Sources */,
				5BB4D0CD1F317CC3007A1742 /* UITabBarController+CLPlayerRotation.m in Sources */,
				5BB4D0E21F31ACCC007A1742 /* CLViewController1.m in Sources */,
				5B456F8F1E60164000C9599F /* UIView+CLSetRect.m in Sources */,
				5B35DDE21DE07A5700CEB057 /* Model.m in Sources */,
				5BB4D0EE1F31B7A2007A1742 /* CLViewController5.m in Sources */,
				5BDEA7161E63F4BB00953D5D /* CLPlayerMaskView.m in Sources */,
				5BDEA7181E63F4BB00953D5D /* CLSlider.m in Sources */,
				5BB4D0EB1F31B775007A1742 /* CLViewController4.m in Sources */,
				5BB4D0D91F31A1F1007A1742 /* CLTableViewViewController.m in Sources */,
				5BB4D0F41F331FA1007A1742 /* CLNavigationViewController.m in Sources */,
				5BB4D0E51F31AEC8007A1742 /* CLViewController2.m in Sources */,
				5BB4D0DC1F31A2E3007A1742 /* CLTabBarViewController.m in Sources */,
			);
			runOnlyForDeploymentPostprocessing = 0;
		};
/* End PBXSourcesBuildPhase section */

/* Begin PBXVariantGroup section */
		5B1FC4D41DC850820036C489 /* LaunchScreen.storyboard */ = {
			isa = PBXVariantGroup;
			children = (
				5B1FC4D51DC850820036C489 /* Base */,
			);
			name = LaunchScreen.storyboard;
			sourceTree = "<group>";
		};
/* End PBXVariantGroup section */

/* Begin XCBuildConfiguration section */
		5B1FC4EE1DC850830036C489 /* Debug */ = {
			isa = XCBuildConfiguration;
			buildSettings = {
				ALWAYS_SEARCH_USER_PATHS = NO;
				CLANG_ANALYZER_NONNULL = YES;
				CLANG_CXX_LANGUAGE_STANDARD = "gnu++0x";
				CLANG_CXX_LIBRARY = "libc++";
				CLANG_ENABLE_MODULES = YES;
				CLANG_ENABLE_OBJC_ARC = YES;
				CLANG_WARN_BOOL_CONVERSION = YES;
				CLANG_WARN_CONSTANT_CONVERSION = YES;
				CLANG_WARN_DIRECT_OBJC_ISA_USAGE = YES_ERROR;
				CLANG_WARN_DOCUMENTATION_COMMENTS = YES;
				CLANG_WARN_EMPTY_BODY = YES;
				CLANG_WARN_ENUM_CONVERSION = YES;
				CLANG_WARN_INFINITE_RECURSION = YES;
				CLANG_WARN_INT_CONVERSION = YES;
				CLANG_WARN_OBJC_ROOT_CLASS = YES_ERROR;
				CLANG_WARN_SUSPICIOUS_MOVE = YES;
				CLANG_WARN_SUSPICIOUS_MOVES = YES;
				CLANG_WARN_UNREACHABLE_CODE = YES;
				CLANG_WARN__DUPLICATE_METHOD_MATCH = YES;
				"CODE_SIGN_IDENTITY[sdk=iphoneos*]" = "iPhone Developer";
				COPY_PHASE_STRIP = NO;
				DEBUG_INFORMATION_FORMAT = dwarf;
				ENABLE_STRICT_OBJC_MSGSEND = YES;
				ENABLE_TESTABILITY = YES;
				GCC_C_LANGUAGE_STANDARD = gnu99;
				GCC_DYNAMIC_NO_PIC = NO;
				GCC_NO_COMMON_BLOCKS = YES;
				GCC_OPTIMIZATION_LEVEL = 0;
				GCC_PREPROCESSOR_DEFINITIONS = (
					"DEBUG=1",
					"$(inherited)",
				);
				GCC_WARN_64_TO_32_BIT_CONVERSION = YES;
				GCC_WARN_ABOUT_RETURN_TYPE = YES_ERROR;
				GCC_WARN_UNDECLARED_SELECTOR = YES;
				GCC_WARN_UNINITIALIZED_AUTOS = YES_AGGRESSIVE;
				GCC_WARN_UNUSED_FUNCTION = YES;
				GCC_WARN_UNUSED_VARIABLE = YES;
				IPHONEOS_DEPLOYMENT_TARGET = 8.0;
				MTL_ENABLE_DEBUG_INFO = YES;
				ONLY_ACTIVE_ARCH = YES;
				SDKROOT = iphoneos;
				TARGETED_DEVICE_FAMILY = "1,2";
			};
			name = Debug;
		};
		5B1FC4EF1DC850830036C489 /* Release */ = {
			isa = XCBuildConfiguration;
			buildSettings = {
				ALWAYS_SEARCH_USER_PATHS = NO;
				CLANG_ANALYZER_NONNULL = YES;
				CLANG_CXX_LANGUAGE_STANDARD = "gnu++0x";
				CLANG_CXX_LIBRARY = "libc++";
				CLANG_ENABLE_MODULES = YES;
				CLANG_ENABLE_OBJC_ARC = YES;
				CLANG_WARN_BOOL_CONVERSION = YES;
				CLANG_WARN_CONSTANT_CONVERSION = YES;
				CLANG_WARN_DIRECT_OBJC_ISA_USAGE = YES_ERROR;
				CLANG_WARN_DOCUMENTATION_COMMENTS = YES;
				CLANG_WARN_EMPTY_BODY = YES;
				CLANG_WARN_ENUM_CONVERSION = YES;
				CLANG_WARN_INFINITE_RECURSION = YES;
				CLANG_WARN_INT_CONVERSION = YES;
				CLANG_WARN_OBJC_ROOT_CLASS = YES_ERROR;
				CLANG_WARN_SUSPICIOUS_MOVE = YES;
				CLANG_WARN_SUSPICIOUS_MOVES = YES;
				CLANG_WARN_UNREACHABLE_CODE = YES;
				CLANG_WARN__DUPLICATE_METHOD_MATCH = YES;
				"CODE_SIGN_IDENTITY[sdk=iphoneos*]" = "iPhone Developer";
				COPY_PHASE_STRIP = NO;
				DEBUG_INFORMATION_FORMAT = "dwarf-with-dsym";
				ENABLE_NS_ASSERTIONS = NO;
				ENABLE_STRICT_OBJC_MSGSEND = YES;
				GCC_C_LANGUAGE_STANDARD = gnu99;
				GCC_NO_COMMON_BLOCKS = YES;
				GCC_WARN_64_TO_32_BIT_CONVERSION = YES;
				GCC_WARN_ABOUT_RETURN_TYPE = YES_ERROR;
				GCC_WARN_UNDECLARED_SELECTOR = YES;
				GCC_WARN_UNINITIALIZED_AUTOS = YES_AGGRESSIVE;
				GCC_WARN_UNUSED_FUNCTION = YES;
				GCC_WARN_UNUSED_VARIABLE = YES;
				IPHONEOS_DEPLOYMENT_TARGET = 8.0;
				MTL_ENABLE_DEBUG_INFO = NO;
				SDKROOT = iphoneos;
				TARGETED_DEVICE_FAMILY = "1,2";
				VALIDATE_PRODUCT = YES;
			};
			name = Release;
		};
		5B1FC4F11DC850830036C489 /* Debug */ = {
			isa = XCBuildConfiguration;
			baseConfigurationReference = 133621D737F2050001C8A017 /* Pods-CLPlayerDemo.debug.xcconfig */;
			buildSettings = {
				ASSETCATALOG_COMPILER_APPICON_NAME = AppIcon;
				"CODE_SIGN_IDENTITY[sdk=iphoneos*]" = "iPhone Developer";
				DEVELOPMENT_TEAM = Y56852HD87;
				INFOPLIST_FILE = CLPlayerDemo/Info.plist;
				LD_RUNPATH_SEARCH_PATHS = "$(inherited) @executable_path/Frameworks";
				PRODUCT_BUNDLE_IDENTIFIER = CL.CLPlayerDemo;
				PRODUCT_NAME = "$(TARGET_NAME)";
			};
			name = Debug;
		};
		5B1FC4F21DC850830036C489 /* Release */ = {
			isa = XCBuildConfiguration;
			baseConfigurationReference = BA727F0172B5759313BFAF15 /* Pods-CLPlayerDemo.release.xcconfig */;
			buildSettings = {
				ASSETCATALOG_COMPILER_APPICON_NAME = AppIcon;
				"CODE_SIGN_IDENTITY[sdk=iphoneos*]" = "iPhone Developer";
				DEVELOPMENT_TEAM = Y56852HD87;
				INFOPLIST_FILE = CLPlayerDemo/Info.plist;
				LD_RUNPATH_SEARCH_PATHS = "$(inherited) @executable_path/Frameworks";
				PRODUCT_BUNDLE_IDENTIFIER = CL.CLPlayerDemo;
				PRODUCT_NAME = "$(TARGET_NAME)";
			};
			name = Release;
		};
/* End XCBuildConfiguration section */

/* Begin XCConfigurationList section */
		5B1FC4BE1DC850820036C489 /* Build configuration list for PBXProject "CLPlayerDemo" */ = {
			isa = XCConfigurationList;
			buildConfigurations = (
				5B1FC4EE1DC850830036C489 /* Debug */,
				5B1FC4EF1DC850830036C489 /* Release */,
			);
			defaultConfigurationIsVisible = 0;
			defaultConfigurationName = Release;
		};
		5B1FC4F01DC850830036C489 /* Build configuration list for PBXNativeTarget "CLPlayerDemo" */ = {
			isa = XCConfigurationList;
			buildConfigurations = (
				5B1FC4F11DC850830036C489 /* Debug */,
				5B1FC4F21DC850830036C489 /* Release */,
			);
			defaultConfigurationIsVisible = 0;
			defaultConfigurationName = Release;
		};
/* End XCConfigurationList section */
	};
	rootObject = 5B1FC4BB1DC850820036C489 /* Project object */;
}
