PODS:
  - SnapKit (5.6.0)
  - SwiftFormat/CLI (0.50.1)

DEPENDENCIES:
  - SnapKit
  - SwiftFormat/CLI

SPEC REPOS:
  https://mirrors.tuna.tsinghua.edu.cn/git/CocoaPods/Specs.git:
    - SnapKit
    - SwiftFormat

SPEC CHECKSUMS:
  SnapKit: e01d52ebb8ddbc333eefe2132acf85c8227d9c25
  SwiftFormat: e73212c71908404e333da34e303772b9e516ac9b

PODFILE CHECKSUM: 04120be4f682b01a7ef5c54a33b97f04be8e03c1

COCOAPODS: 1.11.3
